// !$*UTF8*$!
{
	archiveVersion = 1;
	classes = {
	};
	objectVersion = 46;
	objects = {

/* Begin PBXBuildFile section */
		343485F21BB336CA00991B10 /* AppDelegate.swift in Sources */ = {isa = PBXBuildFile; fileRef = 343485F11BB336CA00991B10 /* AppDelegate.swift */; };
		343485F41BB336CA00991B10 /* ViewController.swift in Sources */ = {isa = PBXBuildFile; fileRef = 343485F31BB336CA00991B10 /* ViewController.swift */; };
		343485F71BB336CA00991B10 /* Main.storyboard in Resources */ = {isa = PBXBuildFile; fileRef = 343485F51BB336CA00991B10 /* Main.storyboard */; };
		343485F91BB336CA00991B10 /* Assets.xcassets in Resources */ = {isa = PBXBuildFile; fileRef = 343485F81BB336CA00991B10 /* Assets.xcassets */; };
		343485FC1BB336CA00991B10 /* LaunchScreen.storyboard in Resources */ = {isa = PBXBuildFile; fileRef = 343485FA1BB336CA00991B10 /* LaunchScreen.storyboard */; };
		343486071BB336CA00991B10 /* RGB_appTests.swift in Sources */ = {isa = PBXBuildFile; fileRef = 343486061BB336CA00991B10 /* RGB_appTests.swift */; };
		343486121BB336CA00991B10 /* RGB_appUITests.swift in Sources */ = {isa = PBXBuildFile; fileRef = 343486111BB336CA00991B10 /* RGB_appUITests.swift */; };
/* End PBXBuildFile section */

/* Begin PBXContainerItemProxy section */
		343486031BB336CA00991B10 /* PBXContainerItemProxy */ = {
			isa = PBXContainerItemProxy;
			containerPortal = 343485E61BB336CA00991B10 /* Project object */;
			proxyType = 1;
			remoteGlobalIDString = 343485ED1BB336CA00991B10;
			remoteInfo = "RGB app";
		};
		3434860E1BB336CA00991B10 /* PBXContainerItemProxy */ = {
			isa = PBXContainerItemProxy;
			containerPortal = 343485E61BB336CA00991B10 /* Project object */;
			proxyType = 1;
			remoteGlobalIDString = 343485ED1BB336CA00991B10;
			remoteInfo = "RGB app";
		};
/* End PBXContainerItemProxy section */

/* Begin PBXFileReference section */
		343485EE1BB336CA00991B10 /* RGB app.app */ = {isa = PBXFileReference; explicitFileType = wrapper.application; includeInIndex = 0; path = "RGB app.app"; sourceTree = BUILT_PRODUCTS_DIR; };
		343485F11BB336CA00991B10 /* AppDelegate.swift */ = {isa = PBXFileReference; lastKnownFileType = sourcecode.swift; path = AppDelegate.swift; sourceTree = "<group>"; };
		343485F31BB336CA00991B10 /* ViewController.swift */ = {isa = PBXFileReference; lastKnownFileType = sourcecode.swift; path = ViewController.swift; sourceTree = "<group>"; };
		343485F61BB336CA00991B10 /* Base */ = {isa = PBXFileReference; lastKnownFileType = file.storyboard; name = Base; path = Base.lproj/Main.storyboard; sourceTree = "<group>"; };
		343485F81BB336CA00991B10 /* Assets.xcassets */ = {isa = PBXFileReference; lastKnownFileType = folder.assetcatalog; path = Assets.xcassets; sourceTree = "<group>"; };
		343485FB1BB336CA00991B10 /* Base */ = {isa = PBXFileReference; lastKnownFileType = file.storyboard; name = Base; path = Base.lproj/LaunchScreen.storyboard; sourceTree = "<group>"; };
		343485FD1BB336CA00991B10 /* Info.plist */ = {isa = PBXFileReference; lastKnownFileType = text.plist.xml; path = Info.plist; sourceTree = "<group>"; };
		343486021BB336CA00991B10 /* RGB appTests.xctest */ = {isa = PBXFileReference; explicitFileType = wrapper.cfbundle; includeInIndex = 0; path = "RGB appTests.xctest"; sourceTree = BUILT_PRODUCTS_DIR; };
		343486061BB336CA00991B10 /* RGB_appTests.swift */ = {isa = PBXFileReference; lastKnownFileType = sourcecode.swift; path = RGB_appTests.swift; sourceTree = "<group>"; };
		343486081BB336CA00991B10 /* Info.plist */ = {isa = PBXFileReference; lastKnownFileType = text.plist.xml; path = Info.plist; sourceTree = "<group>"; };
		3434860D1BB336CA00991B10 /* RGB appUITests.xctest */ = {isa = PBXFileReference; explicitFileType = wrapper.cfbundle; includeInIndex = 0; path = "RGB appUITests.xctest"; sourceTree = BUILT_PRODUCTS_DIR; };
		343486111BB336CA00991B10 /* RGB_appUITests.swift */ = {isa = PBXFileReference; lastKnownFileType = sourcecode.swift; path = RGB_appUITests.swift; sourceTree = "<group>"; };
		343486131BB336CA00991B10 /* Info.plist */ = {isa = PBXFileReference; lastKnownFileType = text.plist.xml; path = Info.plist; sourceTree = "<group>"; };
/* End PBXFileReference section */

/* Begin PBXFrameworksBuildPhase section */
		343485EB1BB336CA00991B10 /* Frameworks */ = {
			isa = PBXFrameworksBuildPhase;
			buildActionMask = 2147483647;
			files = (
			);
			runOnlyForDeploymentPostprocessing = 0;
		};
		343485FF1BB336CA00991B10 /* Frameworks */ = {
			isa = PBXFrameworksBuildPhase;
			buildActionMask = 2147483647;
			files = (
			);
			runOnlyForDeploymentPostprocessing = 0;
		};
		3434860A1BB336CA00991B10 /* Frameworks */ = {
			isa = PBXFrameworksBuildPhase;
			buildActionMask = 2147483647;
			files = (
			);
			runOnlyForDeploymentPostprocessing = 0;
		};
/* End PBXFrameworksBuildPhase section */

/* Begin PBXGroup section */
		343485E51BB336CA00991B10 = {
			isa = PBXGroup;
			children = (
				343485F01BB336CA00991B10 /* RGB app */,
				343486051BB336CA00991B10 /* RGB appTests */,
				343486101BB336CA00991B10 /* RGB appUITests */,
				343485EF1BB336CA00991B10 /* Products */,
			);
			sourceTree = "<group>";
		};
		343485EF1BB336CA00991B10 /* Products */ = {
			isa = PBXGroup;
			children = (
				343485EE1BB336CA00991B10 /* RGB app.app */,
				343486021BB336CA00991B10 /* RGB appTests.xctest */,
				3434860D1BB336CA00991B10 /* RGB appUITests.xctest */,
			);
			name = Products;
			sourceTree = "<group>";
		};
		343485F01BB336CA00991B10 /* RGB app */ = {
			isa = PBXGroup;
			children = (
				343485F11BB336CA00991B10 /* AppDelegate.swift */,
				343485F31BB336CA00991B10 /* ViewController.swift */,
				343485F51BB336CA00991B10 /* Main.storyboard */,
				343485F81BB336CA00991B10 /* Assets.xcassets */,
				343485FA1BB336CA00991B10 /* LaunchScreen.storyboard */,
				343485FD1BB336CA00991B10 /* Info.plist */,
			);
			path = "RGB app";
			sourceTree = "<group>";
		};
		343486051BB336CA00991B10 /* RGB appTests */ = {
			isa = PBXGroup;
			children = (
				343486061BB336CA00991B10 /* RGB_appTests.swift */,
				343486081BB336CA00991B10 /* Info.plist */,
			);
			path = "RGB appTests";
			sourceTree = "<group>";
		};
		343486101BB336CA00991B10 /* RGB appUITests */ = {
			isa = PBXGroup;
			children = (
				343486111BB336CA00991B10 /* RGB_appUITests.swift */,
				343486131BB336CA00991B10 /* Info.plist */,
			);
			path = "RGB appUITests";
			sourceTree = "<group>";
		};
/* End PBXGroup section */

/* Begin PBXNativeTarget section */
		343485ED1BB336CA00991B10 /* RGB app */ = {
			isa = PBXNativeTarget;
			buildConfigurationList = 343486161BB336CA00991B10 /* Build configuration list for PBXNativeTarget "RGB app" */;
			buildPhases = (
				343485EA1BB336CA00991B10 /* Sources */,
				343485EB1BB336CA00991B10 /* Frameworks */,
				343485EC1BB336CA00991B10 /* Resources */,
			);
			buildRules = (
			);
			dependencies = (
			);
			name = "RGB app";
			productName = "RGB app";
			productReference = 343485EE1BB336CA00991B10 /* RGB app.app */;
			productType = "com.apple.product-type.application";
		};
		343486011BB336CA00991B10 /* RGB appTests */ = {
			isa = PBXNativeTarget;
			buildConfigurationList = 343486191BB336CA00991B10 /* Build configuration list for PBXNativeTarget "RGB appTests" */;
			buildPhases = (
				343485FE1BB336CA00991B10 /* Sources */,
				343485FF1BB336CA00991B10 /* Frameworks */,
				343486001BB336CA00991B10 /* Resources */,
			);
			buildRules = (
			);
			dependencies = (
				343486041BB336CA00991B10 /* PBXTargetDependency */,
			);
			name = "RGB appTests";
			productName = "RGB appTests";
			productReference = 343486021BB336CA00991B10 /* RGB appTests.xctest */;
			productType = "com.apple.product-type.bundle.unit-test";
		};
		3434860C1BB336CA00991B10 /* RGB appUITests */ = {
			isa = PBXNativeTarget;
			buildConfigurationList = 3434861C1BB336CA00991B10 /* Build configuration list for PBXNativeTarget "RGB appUITests" */;
			buildPhases = (
				343486091BB336CA00991B10 /* Sources */,
				3434860A1BB336CA00991B10 /* Frameworks */,
				3434860B1BB336CA00991B10 /* Resources */,
			);
			buildRules = (
			);
			dependencies = (
				3434860F1BB336CA00991B10 /* PBXTargetDependency */,
			);
			name = "RGB appUITests";
			productName = "RGB appUITests";
			productReference = 3434860D1BB336CA00991B10 /* RGB appUITests.xctest */;
			productType = "com.apple.product-type.bundle.ui-testing";
		};
/* End PBXNativeTarget section */

/* Begin PBXProject section */
		343485E61BB336CA00991B10 /* Project object */ = {
			isa = PBXProject;
			attributes = {
				LastUpgradeCheck = 0700;
				ORGANIZATIONNAME = "RPG Ventures";
				TargetAttributes = {
					343485ED1BB336CA00991B10 = {
						CreatedOnToolsVersion = 7.0;
						DevelopmentTeam = 6Y29ZC6477;
					};
					343486011BB336CA00991B10 = {
						CreatedOnToolsVersion = 7.0;
						DevelopmentTeam = 6Y29ZC6477;
						TestTargetID = 343485ED1BB336CA00991B10;
					};
					3434860C1BB336CA00991B10 = {
						CreatedOnToolsVersion = 7.0;
						DevelopmentTeam = 6Y29ZC6477;
						TestTargetID = 343485ED1BB336CA00991B10;
					};
				};
			};
			buildConfigurationList = 343485E91BB336CA00991B10 /* Build configuration list for PBXProject "RGB app" */;
			compatibilityVersion = "Xcode 3.2";
			developmentRegion = English;
			hasScannedForEncodings = 0;
			knownRegions = (
				en,
				Base,
			);
			mainGroup = 343485E51BB336CA00991B10;
			productRefGroup = 343485EF1BB336CA00991B10 /* Products */;
			projectDirPath = "";
			projectRoot = "";
			targets = (
				343485ED1BB336CA00991B10 /* RGB app */,
				343486011BB336CA00991B10 /* RGB appTests */,
				3434860C1BB336CA00991B10 /* RGB appUITests */,
			);
		};
/* End PBXProject section */

/* Begin PBXResourcesBuildPhase section */
		343485EC1BB336CA00991B10 /* Resources */ = {
			isa = PBXResourcesBuildPhase;
			buildActionMask = 2147483647;
			files = (
				343485FC1BB336CA00991B10 /* LaunchScreen.storyboard in Resources */,
				343485F91BB336CA00991B10 /* Assets.xcassets in Resources */,
				343485F71BB336CA00991B10 /* Main.storyboard in Resources */,
			);
			runOnlyForDeploymentPostprocessing = 0;
		};
		343486001BB336CA00991B10 /* Resources */ = {
			isa = PBXResourcesBuildPhase;
			buildActionMask = 2147483647;
			files = (
			);
			runOnlyForDeploymentPostprocessing = 0;
		};
		3434860B1BB336CA00991B10 /* Resources */ = {
			isa = PBXResourcesBuildPhase;
			buildActionMask = 2147483647;
			files = (
			);
			runOnlyForDeploymentPostprocessing = 0;
		};
/* End PBXResourcesBuildPhase section */

/* Begin PBXSourcesBuildPhase section */
		343485EA1BB336CA00991B10 /* Sources */ = {
			isa = PBXSourcesBuildPhase;
			buildActionMask = 2147483647;
			files = (
				343485F41BB336CA00991B10 /* ViewController.swift in Sources */,
				343485F21BB336CA00991B10 /* AppDelegate.swift in Sources */,
			);
			runOnlyForDeploymentPostprocessing = 0;
		};
		343485FE1BB336CA00991B10 /* Sources */ = {
			isa = PBXSourcesBuildPhase;
			buildActionMask = 2147483647;
			files = (
				343486071BB336CA00991B10 /* RGB_appTests.swift in Sources */,
			);
			runOnlyForDeploymentPostprocessing = 0;
		};
		343486091BB336CA00991B10 /* Sources */ = {
			isa = PBXSourcesBuildPhase;
			buildActionMask = 2147483647;
			files = (
				343486121BB336CA00991B10 /* RGB_appUITests.swift in Sources */,
			);
			runOnlyForDeploymentPostprocessing = 0;
		};
/* End PBXSourcesBuildPhase section */

/* Begin PBXTargetDependency section */
		343486041BB336CA00991B10 /* PBXTargetDependency */ = {
			isa = PBXTargetDependency;
			target = 343485ED1BB336CA00991B10 /* RGB app */;
			targetProxy = 343486031BB336CA00991B10 /* PBXContainerItemProxy */;
		};
		3434860F1BB336CA00991B10 /* PBXTargetDependency */ = {
			isa = PBXTargetDependency;
			target = 343485ED1BB336CA00991B10 /* RGB app */;
			targetProxy = 3434860E1BB336CA00991B10 /* PBXContainerItemProxy */;
		};
/* End PBXTargetDependency section */

/* Begin PBXVariantGroup section */
		343485F51BB336CA00991B10 /* Main.storyboard */ = {
			isa = PBXVariantGroup;
			children = (
				343485F61BB336CA00991B10 /* Base */,
			);
			name = Main.storyboard;
			sourceTree = "<group>";
		};
		343485FA1BB336CA00991B10 /* LaunchScreen.storyboard */ = {
			isa = PBXVariantGroup;
			children = (
				343485FB1BB336CA00991B10 /* Base */,
			);
			name = LaunchScreen.storyboard;
			sourceTree = "<group>";
		};
/* End PBXVariantGroup section */

/* Begin XCBuildConfiguration section */
		343486141BB336CA00991B10 /* Debug */ = {
			isa = XCBuildConfiguration;
			buildSettings = {
				ALWAYS_SEARCH_USER_PATHS = NO;
				CLANG_CXX_LANGUAGE_STANDARD = "gnu++0x";
				CLANG_CXX_LIBRARY = "libc++";
				CLANG_ENABLE_MODULES = YES;
				CLANG_ENABLE_OBJC_ARC = YES;
				CLANG_WARN_BOOL_CONVERSION = YES;
				CLANG_WARN_CONSTANT_CONVERSION = YES;
				CLANG_WARN_DIRECT_OBJC_ISA_USAGE = YES_ERROR;
				CLANG_WARN_EMPTY_BODY = YES;
				CLANG_WARN_ENUM_CONVERSION = YES;
				CLANG_WARN_INT_CONVERSION = YES;
				CLANG_WARN_OBJC_ROOT_CLASS = YES_ERROR;
				CLANG_WARN_UNREACHABLE_CODE = YES;
				CLANG_WARN__DUPLICATE_METHOD_MATCH = YES;
				"CODE_SIGN_IDENTITY[sdk=iphoneos*]" = "iPhone Developer";
				COPY_PHASE_STRIP = NO;
				DEBUG_INFORMATION_FORMAT = dwarf;
				ENABLE_STRICT_OBJC_MSGSEND = YES;
				ENABLE_TESTABILITY = YES;
				GCC_C_LANGUAGE_STANDARD = gnu99;
				GCC_DYNAMIC_NO_PIC = NO;
				GCC_NO_COMMON_BLOCKS = YES;
				GCC_OPTIMIZATION_LEVEL = 0;
				GCC_PREPROCESSOR_DEFINITIONS = (
					"DEBUG=1",
					"$(inherited)",
				);
				GCC_WARN_64_TO_32_BIT_CONVERSION = YES;
				GCC_WARN_ABOUT_RETURN_TYPE = YES_ERROR;
				GCC_WARN_UNDECLARED_SELECTOR = YES;
				GCC_WARN_UNINITIALIZED_AUTOS = YES_AGGRESSIVE;
				GCC_WARN_UNUSED_FUNCTION = YES;
				GCC_WARN_UNUSED_VARIABLE = YES;
				IPHONEOS_DEPLOYMENT_TARGET = 9.0;
				MTL_ENABLE_DEBUG_INFO = YES;
				ONLY_ACTIVE_ARCH = YES;
				SDKROOT = iphoneos;
				SWIFT_OPTIMIZATION_LEVEL = "-Onone";
			};
			name = Debug;
		};
		343486151BB336CA00991B10 /* Release */ = {
			isa = XCBuildConfiguration;
			buildSettings = {
				ALWAYS_SEARCH_USER_PATHS = NO;
				CLANG_CXX_LANGUAGE_STANDARD = "gnu++0x";
				CLANG_CXX_LIBRARY = "libc++";
				CLANG_ENABLE_MODULES = YES;
				CLANG_ENABLE_OBJC_ARC = YES;
				CLANG_WARN_BOOL_CONVERSION = YES;
				CLANG_WARN_CONSTANT_CONVERSION = YES;
				CLANG_WARN_DIRECT_OBJC_ISA_USAGE = YES_ERROR;
				CLANG_WARN_EMPTY_BODY = YES;
				CLANG_WARN_ENUM_CONVERSION = YES;
				CLANG_WARN_INT_CONVERSION = YES;
				CLANG_WARN_OBJC_ROOT_CLASS = YES_ERROR;
				CLANG_WARN_UNREACHABLE_CODE = YES;
				CLANG_WARN__DUPLICATE_METHOD_MATCH = YES;
				"CODE_SIGN_IDENTITY[sdk=iphoneos*]" = "iPhone Developer";
				COPY_PHASE_STRIP = NO;
				DEBUG_INFORMATION_FORMAT = "dwarf-with-dsym";
				ENABLE_NS_ASSERTIONS = NO;
				ENABLE_STRICT_OBJC_MSGSEND = YES;
				GCC_C_LANGUAGE_STANDARD = gnu99;
				GCC_NO_COMMON_BLOCKS = YES;
				GCC_WARN_64_TO_32_BIT_CONVERSION = YES;
				GCC_WARN_ABOUT_RETURN_TYPE = YES_ERROR;
				GCC_WARN_UNDECLARED_SELECTOR = YES;
				GCC_WARN_UNINITIALIZED_AUTOS = YES_AGGRESSIVE;
				GCC_WARN_UNUSED_FUNCTION = YES;
				GCC_WARN_UNUSED_VARIABLE = YES;
				IPHONEOS_DEPLOYMENT_TARGET = 9.0;
				MTL_ENABLE_DEBUG_INFO = NO;
				SDKROOT = iphoneos;
				VALIDATE_PRODUCT = YES;
			};
			name = Release;
		};
		343486171BB336CA00991B10 /* Debug */ = {
			isa = XCBuildConfiguration;
			buildSettings = {
				ASSETCATALOG_COMPILER_APPICON_NAME = AppIcon;
				INFOPLIST_FILE = "RGB app/Info.plist";
				LD_RUNPATH_SEARCH_PATHS = "$(inherited) @executable_path/Frameworks";
				PRODUCT_BUNDLE_IDENTIFIER = "com.thottbubble...newApp.RGB-app";
				PRODUCT_NAME = "$(TARGET_NAME)";
			};
			name = Debug;
		};
		343486181BB336CA00991B10 /* Release */ = {
			isa = XCBuildConfiguration;
			buildSettings = {
				ASSETCATALOG_COMPILER_APPICON_NAME = AppIcon;
				INFOPLIST_FILE = "RGB app/Info.plist";
				LD_RUNPATH_SEARCH_PATHS = "$(inherited) @executable_path/Frameworks";
				PRODUCT_BUNDLE_IDENTIFIER = "com.thottbubble...newApp.RGB-app";
				PRODUCT_NAME = "$(TARGET_NAME)";
			};
			name = Release;
		};
		3434861A1BB336CA00991B10 /* Debug */ = {
			isa = XCBuildConfiguration;
			buildSettings = {
				BUNDLE_LOADER = "$(TEST_HOST)";
				INFOPLIST_FILE = "RGB appTests/Info.plist";
				LD_RUNPATH_SEARCH_PATHS = "$(inherited) @executable_path/Frameworks @loader_path/Frameworks";
				PRODUCT_BUNDLE_IDENTIFIER = "com.thottbubble...newApp.RGB-appTests";
				PRODUCT_NAME = "$(TARGET_NAME)";
				TEST_HOST = "$(BUILT_PRODUCTS_DIR)/RGB app.app/RGB app";
			};
			name = Debug;
		};
		3434861B1BB336CA00991B10 /* Release */ = {
			isa = XCBuildConfiguration;
			buildSettings = {
				BUNDLE_LOADER = "$(TEST_HOST)";
				INFOPLIST_FILE = "RGB appTests/Info.plist";
				LD_RUNPATH_SEARCH_PATHS = "$(inherited) @executable_path/Frameworks @loader_path/Frameworks";
				PRODUCT_BUNDLE_IDENTIFIER = "com.thottbubble...newApp.RGB-appTests";
				PRODUCT_NAME = "$(TARGET_NAME)";
				TEST_HOST = "$(BUILT_PRODUCTS_DIR)/RGB app.app/RGB app";
			};
			name = Release;
		};
		3434861D1BB336CA00991B10 /* Debug */ = {
			isa = XCBuildConfiguration;
			buildSettings = {
				INFOPLIST_FILE = "RGB appUITests/Info.plist";
				LD_RUNPATH_SEARCH_PATHS = "$(inherited) @executable_path/Frameworks @loader_path/Frameworks";
				PRODUCT_BUNDLE_IDENTIFIER = "com.thottbubble...newApp.RGB-appUITests";
				PRODUCT_NAME = "$(TARGET_NAME)";
				TEST_TARGET_NAME = "RGB app";
				USES_XCTRUNNER = YES;
			};
			name = Debug;
		};
		3434861E1BB336CA00991B10 /* Release */ = {
			isa = XCBuildConfiguration;
			buildSettings = {
				INFOPLIST_FILE = "RGB appUITests/Info.plist";
				LD_RUNPATH_SEARCH_PATHS = "$(inherited) @executable_path/Frameworks @loader_path/Frameworks";
				PRODUCT_BUNDLE_IDENTIFIER = "com.thottbubble...newApp.RGB-appUITests";
				PRODUCT_NAME = "$(TARGET_NAME)";
				TEST_TARGET_NAME = "RGB app";
				USES_XCTRUNNER = YES;
			};
			name = Release;
		};
/* End XCBuildConfiguration section */

/* Begin XCConfigurationList section */
		343485E91BB336CA00991B10 /* Build configuration list for PBXProject "RGB app" */ = {
			isa = XCConfigurationList;
			buildConfigurations = (
				343486141BB336CA00991B10 /* Debug */,
				343486151BB336CA00991B10 /* Release */,
			);
			defaultConfigurationIsVisible = 0;
			defaultConfigurationName = Release;
		};
		343486161BB336CA00991B10 /* Build configuration list for PBXNativeTarget "RGB app" */ = {
			isa = XCConfigurationList;
			buildConfigurations = (
				343486171BB336CA00991B10 /* Debug */,
				343486181BB336CA00991B10 /* Release */,
			);
			defaultConfigurationIsVisible = 0;
		};
		343486191BB336CA00991B10 /* Build configuration list for PBXNativeTarget "RGB appTests" */ = {
			isa = XCConfigurationList;
			buildConfigurations = (
				3434861A1BB336CA00991B10 /* Debug */,
				3434861B1BB336CA00991B10 /* Release */,
			);
			defaultConfigurationIsVisible = 0;
		};
		3434861C1BB336CA00991B10 /* Build configuration list for PBXNativeTarget "RGB appUITests" */ = {
			isa = XCConfigurationList;
			buildConfigurations = (
				3434861D1BB336CA00991B10 /* Debug */,
				3434861E1BB336CA00991B10 /* Release */,
			);
			defaultConfigurationIsVisible = 0;
		};
/* End XCConfigurationList section */
	};
	rootObject = 343485E61BB336CA00991B10 /* Project object */;
}
